// !$*UTF8*$!
{
	archiveVersion = 1;
	classes = {
	};
	objectVersion = 55;
	objects = {

/* Begin PBXBuildFile section */
		C82139C5271B324200F1BD46 /* PlayersAndTeamsViewModel+PlayerCellViewModel.swift in Sources */ = {isa = PBXBuildFile; fileRef = C82139C4271B324200F1BD46 /* PlayersAndTeamsViewModel+PlayerCellViewModel.swift */; };
		C82139C7271B326D00F1BD46 /* PlayersAndTeamsViewModel+TeamCellViewModel.swift in Sources */ = {isa = PBXBuildFile; fileRef = C82139C6271B326D00F1BD46 /* PlayersAndTeamsViewModel+TeamCellViewModel.swift */; };
		C83C747E271B2D2000A886D5 /* PlayersAndTeamsList+TeamCell.swift in Sources */ = {isa = PBXBuildFile; fileRef = C83C747D271B2D2000A886D5 /* PlayersAndTeamsList+TeamCell.swift */; };
		C88563BD271AD04F00FA70CC /* FootballApp.swift in Sources */ = {isa = PBXBuildFile; fileRef = C88563BC271AD04F00FA70CC /* FootballApp.swift */; };
		C88563C1271AD05000FA70CC /* Assets.xcassets in Resources */ = {isa = PBXBuildFile; fileRef = C88563C0271AD05000FA70CC /* Assets.xcassets */; };
		C88563C4271AD05000FA70CC /* Preview Assets.xcassets in Resources */ = {isa = PBXBuildFile; fileRef = C88563C3271AD05000FA70CC /* Preview Assets.xcassets */; };
		C88563D8271AD05100FA70CC /* FootballAppUITests.swift in Sources */ = {isa = PBXBuildFile; fileRef = C88563D7271AD05100FA70CC /* FootballAppUITests.swift */; };
		C88563DA271AD05100FA70CC /* FootballAppUITestsLaunchTests.swift in Sources */ = {isa = PBXBuildFile; fileRef = C88563D9271AD05100FA70CC /* FootballAppUITestsLaunchTests.swift */; };
		C88563EE271AD16000FA70CC /* PlayersAndTeamsList.swift in Sources */ = {isa = PBXBuildFile; fileRef = C88563ED271AD16000FA70CC /* PlayersAndTeamsList.swift */; };
		C88563F0271AD16F00FA70CC /* PlayersAndTeamsNavigation.swift in Sources */ = {isa = PBXBuildFile; fileRef = C88563EF271AD16F00FA70CC /* PlayersAndTeamsNavigation.swift */; };
		C88563F3271AD1E600FA70CC /* PlayersAndTeamsViewModel.swift in Sources */ = {isa = PBXBuildFile; fileRef = C88563F2271AD1E600FA70CC /* PlayersAndTeamsViewModel.swift */; };
		C88563F6271AED9600FA70CC /* Player.swift in Sources */ = {isa = PBXBuildFile; fileRef = C88563F5271AED9600FA70CC /* Player.swift */; };
		C88563F8271AEF3C00FA70CC /* Team.swift in Sources */ = {isa = PBXBuildFile; fileRef = C88563F7271AEF3C00FA70CC /* Team.swift */; };
		C88563FA271AEFE600FA70CC /* PlayersAndTeams.swift in Sources */ = {isa = PBXBuildFile; fileRef = C88563F9271AEFE600FA70CC /* PlayersAndTeams.swift */; };
		C88563FC271AF06100FA70CC /* PlayersAndTeamsSearchType.swift in Sources */ = {isa = PBXBuildFile; fileRef = C88563FB271AF06100FA70CC /* PlayersAndTeamsSearchType.swift */; };
		C88563FE271AF13600FA70CC /* PlayersAndTeamsService.swift in Sources */ = {isa = PBXBuildFile; fileRef = C88563FD271AF13600FA70CC /* PlayersAndTeamsService.swift */; };
		C8856400271AF23200FA70CC /* PlayersAndTeamsRequest.swift in Sources */ = {isa = PBXBuildFile; fileRef = C88563FF271AF23200FA70CC /* PlayersAndTeamsRequest.swift */; };
		C8856403271AF2FA00FA70CC /* Network.swift in Sources */ = {isa = PBXBuildFile; fileRef = C8856402271AF2FA00FA70CC /* Network.swift */; };
		C8856405271AF7B600FA70CC /* Network+Request.swift in Sources */ = {isa = PBXBuildFile; fileRef = C8856404271AF7B600FA70CC /* Network+Request.swift */; };
		C8856407271AF7D500FA70CC /* Network+Error.swift in Sources */ = {isa = PBXBuildFile; fileRef = C8856406271AF7D500FA70CC /* Network+Error.swift */; };
		C8856409271AF7E600FA70CC /* Network+Response.swift in Sources */ = {isa = PBXBuildFile; fileRef = C8856408271AF7E600FA70CC /* Network+Response.swift */; };
		C885640D271AFB4F00FA70CC /* Threads.swift in Sources */ = {isa = PBXBuildFile; fileRef = C885640C271AFB4F00FA70CC /* Threads.swift */; };
		C885640F271AFBF000FA70CC /* Repository.swift in Sources */ = {isa = PBXBuildFile; fileRef = C885640E271AFBF000FA70CC /* Repository.swift */; };
		C8856411271B212100FA70CC /* PlayersAndTeamsList+PlayerCell.swift in Sources */ = {isa = PBXBuildFile; fileRef = C8856410271B212100FA70CC /* PlayersAndTeamsList+PlayerCell.swift */; };
		C8BB70E1271B5AA4000830A2 /* Flags.json in Resources */ = {isa = PBXBuildFile; fileRef = C8BB70E0271B5AA4000830A2 /* Flags.json */; };
		C8BB70E3271B5AC1000830A2 /* Flag.swift in Sources */ = {isa = PBXBuildFile; fileRef = C8BB70E2271B5AC1000830A2 /* Flag.swift */; };
		C8BB70E7271C3712000830A2 /* Football.xcdatamodeld in Sources */ = {isa = PBXBuildFile; fileRef = C8BB70E5271C3712000830A2 /* Football.xcdatamodeld */; };
		C8BB70E9271C378A000830A2 /* Persistence.swift in Sources */ = {isa = PBXBuildFile; fileRef = C8BB70E8271C378A000830A2 /* Persistence.swift */; };
		C8BB70EC271C3A65000830A2 /* LocalStorageService.swift in Sources */ = {isa = PBXBuildFile; fileRef = C8BB70EB271C3A65000830A2 /* LocalStorageService.swift */; };
		C8BB70EE271C5FCD000830A2 /* FavouritePlayersList.swift in Sources */ = {isa = PBXBuildFile; fileRef = C8BB70ED271C5FCD000830A2 /* FavouritePlayersList.swift */; };
		C8BB70F1271CA57C000830A2 /* LocalStorageServiceProtocol.swift in Sources */ = {isa = PBXBuildFile; fileRef = C8BB70F0271CA57C000830A2 /* LocalStorageServiceProtocol.swift */; };
		C8BB70F6271CA5EB000830A2 /* PlayersAndTeamsServiceProtocol.swift in Sources */ = {isa = PBXBuildFile; fileRef = C8BB70F5271CA5EB000830A2 /* PlayersAndTeamsServiceProtocol.swift */; };
		C8BB70FA271CA658000830A2 /* RepositoryProtocol.swift in Sources */ = {isa = PBXBuildFile; fileRef = C8BB70F9271CA658000830A2 /* RepositoryProtocol.swift */; };
		C8BB70FE271CAFA7000830A2 /* MockRepository.swift in Sources */ = {isa = PBXBuildFile; fileRef = C8BB70FB271CA673000830A2 /* MockRepository.swift */; };
		C8BB70FF271CB03A000830A2 /* MockPlayersAndTeamsService.swift in Sources */ = {isa = PBXBuildFile; fileRef = C8BB70F7271CA60E000830A2 /* MockPlayersAndTeamsService.swift */; };
		C8BB7100271CB047000830A2 /* MockLocalStorageService.swift in Sources */ = {isa = PBXBuildFile; fileRef = C8BB70F2271CA5A7000830A2 /* MockLocalStorageService.swift */; };
		C8BB7103271CB06D000830A2 /* RepositoryTests.swift in Sources */ = {isa = PBXBuildFile; fileRef = C8BB7102271CB06D000830A2 /* RepositoryTests.swift */; };
		C8BB7105271CB083000830A2 /* PlayersAndTeamsViewModelTests.swift in Sources */ = {isa = PBXBuildFile; fileRef = C8BB7104271CB083000830A2 /* PlayersAndTeamsViewModelTests.swift */; };
/* End PBXBuildFile section */

/* Begin PBXContainerItemProxy section */
		C88563CA271AD05000FA70CC /* PBXContainerItemProxy */ = {
			isa = PBXContainerItemProxy;
			containerPortal = C88563B1271AD04F00FA70CC /* Project object */;
			proxyType = 1;
			remoteGlobalIDString = C88563B8271AD04F00FA70CC;
			remoteInfo = FootballApp;
		};
		C88563D4271AD05100FA70CC /* PBXContainerItemProxy */ = {
			isa = PBXContainerItemProxy;
			containerPortal = C88563B1271AD04F00FA70CC /* Project object */;
			proxyType = 1;
			remoteGlobalIDString = C88563B8271AD04F00FA70CC;
			remoteInfo = FootballApp;
		};
/* End PBXContainerItemProxy section */

/* Begin PBXFileReference section */
		C82139C4271B324200F1BD46 /* PlayersAndTeamsViewModel+PlayerCellViewModel.swift */ = {isa = PBXFileReference; lastKnownFileType = sourcecode.swift; path = "PlayersAndTeamsViewModel+PlayerCellViewModel.swift"; sourceTree = "<group>"; };
		C82139C6271B326D00F1BD46 /* PlayersAndTeamsViewModel+TeamCellViewModel.swift */ = {isa = PBXFileReference; lastKnownFileType = sourcecode.swift; path = "PlayersAndTeamsViewModel+TeamCellViewModel.swift"; sourceTree = "<group>"; };
		C83C747D271B2D2000A886D5 /* PlayersAndTeamsList+TeamCell.swift */ = {isa = PBXFileReference; lastKnownFileType = sourcecode.swift; path = "PlayersAndTeamsList+TeamCell.swift"; sourceTree = "<group>"; };
		C88563B9271AD04F00FA70CC /* FootballApp.app */ = {isa = PBXFileReference; explicitFileType = wrapper.application; includeInIndex = 0; path = FootballApp.app; sourceTree = BUILT_PRODUCTS_DIR; };
		C88563BC271AD04F00FA70CC /* FootballApp.swift */ = {isa = PBXFileReference; lastKnownFileType = sourcecode.swift; path = FootballApp.swift; sourceTree = "<group>"; };
		C88563C0271AD05000FA70CC /* Assets.xcassets */ = {isa = PBXFileReference; lastKnownFileType = folder.assetcatalog; path = Assets.xcassets; sourceTree = "<group>"; };
		C88563C3271AD05000FA70CC /* Preview Assets.xcassets */ = {isa = PBXFileReference; lastKnownFileType = folder.assetcatalog; path = "Preview Assets.xcassets"; sourceTree = "<group>"; };
		C88563C9271AD05000FA70CC /* FootballAppTests.xctest */ = {isa = PBXFileReference; explicitFileType = wrapper.cfbundle; includeInIndex = 0; path = FootballAppTests.xctest; sourceTree = BUILT_PRODUCTS_DIR; };
		C88563D3271AD05100FA70CC /* FootballAppUITests.xctest */ = {isa = PBXFileReference; explicitFileType = wrapper.cfbundle; includeInIndex = 0; path = FootballAppUITests.xctest; sourceTree = BUILT_PRODUCTS_DIR; };
		C88563D7271AD05100FA70CC /* FootballAppUITests.swift */ = {isa = PBXFileReference; lastKnownFileType = sourcecode.swift; path = FootballAppUITests.swift; sourceTree = "<group>"; };
		C88563D9271AD05100FA70CC /* FootballAppUITestsLaunchTests.swift */ = {isa = PBXFileReference; lastKnownFileType = sourcecode.swift; path = FootballAppUITestsLaunchTests.swift; sourceTree = "<group>"; };
		C88563ED271AD16000FA70CC /* PlayersAndTeamsList.swift */ = {isa = PBXFileReference; lastKnownFileType = sourcecode.swift; path = PlayersAndTeamsList.swift; sourceTree = "<group>"; };
		C88563EF271AD16F00FA70CC /* PlayersAndTeamsNavigation.swift */ = {isa = PBXFileReference; lastKnownFileType = sourcecode.swift; path = PlayersAndTeamsNavigation.swift; sourceTree = "<group>"; };
		C88563F2271AD1E600FA70CC /* PlayersAndTeamsViewModel.swift */ = {isa = PBXFileReference; lastKnownFileType = sourcecode.swift; path = PlayersAndTeamsViewModel.swift; sourceTree = "<group>"; };
		C88563F5271AED9600FA70CC /* Player.swift */ = {isa = PBXFileReference; lastKnownFileType = sourcecode.swift; path = Player.swift; sourceTree = "<group>"; };
		C88563F7271AEF3C00FA70CC /* Team.swift */ = {isa = PBXFileReference; lastKnownFileType = sourcecode.swift; path = Team.swift; sourceTree = "<group>"; };
		C88563F9271AEFE600FA70CC /* PlayersAndTeams.swift */ = {isa = PBXFileReference; lastKnownFileType = sourcecode.swift; path = PlayersAndTeams.swift; sourceTree = "<group>"; };
		C88563FB271AF06100FA70CC /* PlayersAndTeamsSearchType.swift */ = {isa = PBXFileReference; lastKnownFileType = sourcecode.swift; path = PlayersAndTeamsSearchType.swift; sourceTree = "<group>"; };
		C88563FD271AF13600FA70CC /* PlayersAndTeamsService.swift */ = {isa = PBXFileReference; lastKnownFileType = sourcecode.swift; path = PlayersAndTeamsService.swift; sourceTree = "<group>"; };
		C88563FF271AF23200FA70CC /* PlayersAndTeamsRequest.swift */ = {isa = PBXFileReference; lastKnownFileType = sourcecode.swift; path = PlayersAndTeamsRequest.swift; sourceTree = "<group>"; };
		C8856402271AF2FA00FA70CC /* Network.swift */ = {isa = PBXFileReference; lastKnownFileType = sourcecode.swift; path = Network.swift; sourceTree = "<group>"; };
		C8856404271AF7B600FA70CC /* Network+Request.swift */ = {isa = PBXFileReference; lastKnownFileType = sourcecode.swift; path = "Network+Request.swift"; sourceTree = "<group>"; };
		C8856406271AF7D500FA70CC /* Network+Error.swift */ = {isa = PBXFileReference; lastKnownFileType = sourcecode.swift; path = "Network+Error.swift"; sourceTree = "<group>"; };
		C8856408271AF7E600FA70CC /* Network+Response.swift */ = {isa = PBXFileReference; lastKnownFileType = sourcecode.swift; path = "Network+Response.swift"; sourceTree = "<group>"; };
		C885640C271AFB4F00FA70CC /* Threads.swift */ = {isa = PBXFileReference; lastKnownFileType = sourcecode.swift; path = Threads.swift; sourceTree = "<group>"; };
		C885640E271AFBF000FA70CC /* Repository.swift */ = {isa = PBXFileReference; lastKnownFileType = sourcecode.swift; path = Repository.swift; sourceTree = "<group>"; };
		C8856410271B212100FA70CC /* PlayersAndTeamsList+PlayerCell.swift */ = {isa = PBXFileReference; lastKnownFileType = sourcecode.swift; path = "PlayersAndTeamsList+PlayerCell.swift"; sourceTree = "<group>"; };
		C8BB70E0271B5AA4000830A2 /* Flags.json */ = {isa = PBXFileReference; lastKnownFileType = text.json; path = Flags.json; sourceTree = "<group>"; };
		C8BB70E2271B5AC1000830A2 /* Flag.swift */ = {isa = PBXFileReference; lastKnownFileType = sourcecode.swift; path = Flag.swift; sourceTree = "<group>"; };
		C8BB70E6271C3712000830A2 /* Football.xcdatamodel */ = {isa = PBXFileReference; lastKnownFileType = wrapper.xcdatamodel; path = Football.xcdatamodel; sourceTree = "<group>"; };
		C8BB70E8271C378A000830A2 /* Persistence.swift */ = {isa = PBXFileReference; lastKnownFileType = sourcecode.swift; path = Persistence.swift; sourceTree = "<group>"; };
		C8BB70EB271C3A65000830A2 /* LocalStorageService.swift */ = {isa = PBXFileReference; lastKnownFileType = sourcecode.swift; path = LocalStorageService.swift; sourceTree = "<group>"; };
		C8BB70ED271C5FCD000830A2 /* FavouritePlayersList.swift */ = {isa = PBXFileReference; lastKnownFileType = sourcecode.swift; path = FavouritePlayersList.swift; sourceTree = "<group>"; };
		C8BB70F0271CA57C000830A2 /* LocalStorageServiceProtocol.swift */ = {isa = PBXFileReference; lastKnownFileType = sourcecode.swift; path = LocalStorageServiceProtocol.swift; sourceTree = "<group>"; };
		C8BB70F2271CA5A7000830A2 /* MockLocalStorageService.swift */ = {isa = PBXFileReference; lastKnownFileType = sourcecode.swift; path = MockLocalStorageService.swift; sourceTree = "<group>"; };
		C8BB70F5271CA5EB000830A2 /* PlayersAndTeamsServiceProtocol.swift */ = {isa = PBXFileReference; lastKnownFileType = sourcecode.swift; path = PlayersAndTeamsServiceProtocol.swift; sourceTree = "<group>"; };
		C8BB70F7271CA60E000830A2 /* MockPlayersAndTeamsService.swift */ = {isa = PBXFileReference; lastKnownFileType = sourcecode.swift; path = MockPlayersAndTeamsService.swift; sourceTree = "<group>"; };
		C8BB70F9271CA658000830A2 /* RepositoryProtocol.swift */ = {isa = PBXFileReference; lastKnownFileType = sourcecode.swift; path = RepositoryProtocol.swift; sourceTree = "<group>"; };
		C8BB70FB271CA673000830A2 /* MockRepository.swift */ = {isa = PBXFileReference; lastKnownFileType = sourcecode.swift; path = MockRepository.swift; sourceTree = "<group>"; };
		C8BB7102271CB06D000830A2 /* RepositoryTests.swift */ = {isa = PBXFileReference; lastKnownFileType = sourcecode.swift; path = RepositoryTests.swift; sourceTree = "<group>"; };
		C8BB7104271CB083000830A2 /* PlayersAndTeamsViewModelTests.swift */ = {isa = PBXFileReference; lastKnownFileType = sourcecode.swift; path = PlayersAndTeamsViewModelTests.swift; sourceTree = "<group>"; };
/* End PBXFileReference section */

/* Begin PBXFrameworksBuildPhase section */
		C88563B6271AD04F00FA70CC /* Frameworks */ = {
			isa = PBXFrameworksBuildPhase;
			buildActionMask = 2147483647;
			files = (
			);
			runOnlyForDeploymentPostprocessing = 0;
		};
		C88563C6271AD05000FA70CC /* Frameworks */ = {
			isa = PBXFrameworksBuildPhase;
			buildActionMask = 2147483647;
			files = (
			);
			runOnlyForDeploymentPostprocessing = 0;
		};
		C88563D0271AD05100FA70CC /* Frameworks */ = {
			isa = PBXFrameworksBuildPhase;
			buildActionMask = 2147483647;
			files = (
			);
			runOnlyForDeploymentPostprocessing = 0;
		};
/* End PBXFrameworksBuildPhase section */

/* Begin PBXGroup section */
		C88563B0271AD04F00FA70CC = {
			isa = PBXGroup;
			children = (
				C88563BB271AD04F00FA70CC /* FootballApp */,
				C88563CC271AD05000FA70CC /* FootballAppTests */,
				C88563D6271AD05100FA70CC /* FootballAppUITests */,
				C88563BA271AD04F00FA70CC /* Products */,
			);
			sourceTree = "<group>";
		};
		C88563BA271AD04F00FA70CC /* Products */ = {
			isa = PBXGroup;
			children = (
				C88563B9271AD04F00FA70CC /* FootballApp.app */,
				C88563C9271AD05000FA70CC /* FootballAppTests.xctest */,
				C88563D3271AD05100FA70CC /* FootballAppUITests.xctest */,
			);
			name = Products;
			sourceTree = "<group>";
		};
		C88563BB271AD04F00FA70CC /* FootballApp */ = {
			isa = PBXGroup;
			children = (
				C88563E6271AD06400FA70CC /* App */,
				C88563E9271AD09200FA70CC /* Repository */,
				C88563EA271AD09D00FA70CC /* Services */,
				C88563E7271AD06D00FA70CC /* Views */,
				C88563E8271AD07D00FA70CC /* View Models */,
				C88563F4271AED8500FA70CC /* Models */,
				C8856401271AF2EC00FA70CC /* Network */,
				C8BB70E4271C3638000830A2 /* Core Data */,
				C885640B271AFB4100FA70CC /* Utilities */,
				C885640A271AFA5400FA70CC /* Extensions */,
				C88563C0271AD05000FA70CC /* Assets.xcassets */,
				C88563C2271AD05000FA70CC /* Preview Content */,
			);
			path = FootballApp;
			sourceTree = "<group>";
		};
		C88563C2271AD05000FA70CC /* Preview Content */ = {
			isa = PBXGroup;
			children = (
				C88563C3271AD05000FA70CC /* Preview Assets.xcassets */,
			);
			path = "Preview Content";
			sourceTree = "<group>";
		};
		C88563CC271AD05000FA70CC /* FootballAppTests */ = {
			isa = PBXGroup;
			children = (
				C8BB7101271CB054000830A2 /* Tests */,
				C8BB70FD271CAF96000830A2 /* Mocks */,
			);
			path = FootballAppTests;
			sourceTree = "<group>";
		};
		C88563D6271AD05100FA70CC /* FootballAppUITests */ = {
			isa = PBXGroup;
			children = (
				C88563D7271AD05100FA70CC /* FootballAppUITests.swift */,
				C88563D9271AD05100FA70CC /* FootballAppUITestsLaunchTests.swift */,
			);
			path = FootballAppUITests;
			sourceTree = "<group>";
		};
		C88563E6271AD06400FA70CC /* App */ = {
			isa = PBXGroup;
			children = (
				C88563BC271AD04F00FA70CC /* FootballApp.swift */,
			);
			path = App;
			sourceTree = "<group>";
		};
		C88563E7271AD06D00FA70CC /* Views */ = {
			isa = PBXGroup;
			children = (
				C88563EC271AD14500FA70CC /* Players and Teams */,
			);
			path = Views;
			sourceTree = "<group>";
		};
		C88563E8271AD07D00FA70CC /* View Models */ = {
			isa = PBXGroup;
			children = (
				C88563F1271AD1DA00FA70CC /* Players and Teams */,
			);
			path = "View Models";
			sourceTree = "<group>";
		};
		C88563E9271AD09200FA70CC /* Repository */ = {
			isa = PBXGroup;
			children = (
				C885640E271AFBF000FA70CC /* Repository.swift */,
				C8BB70F9271CA658000830A2 /* RepositoryProtocol.swift */,
			);
			path = Repository;
			sourceTree = "<group>";
		};
		C88563EA271AD09D00FA70CC /* Services */ = {
			isa = PBXGroup;
			children = (
				C8BB70F4271CA5D8000830A2 /* Players And Teams Service */,
				C8BB70EF271CA55E000830A2 /* Local Storage Service */,
			);
			path = Services;
			sourceTree = "<group>";
		};
		C88563EC271AD14500FA70CC /* Players and Teams */ = {
			isa = PBXGroup;
			children = (
				C88563ED271AD16000FA70CC /* PlayersAndTeamsList.swift */,
				C88563EF271AD16F00FA70CC /* PlayersAndTeamsNavigation.swift */,
				C8856410271B212100FA70CC /* PlayersAndTeamsList+PlayerCell.swift */,
				C83C747D271B2D2000A886D5 /* PlayersAndTeamsList+TeamCell.swift */,
				C8BB70ED271C5FCD000830A2 /* FavouritePlayersList.swift */,
			);
			path = "Players and Teams";
			sourceTree = "<group>";
		};
		C88563F1271AD1DA00FA70CC /* Players and Teams */ = {
			isa = PBXGroup;
			children = (
				C88563F2271AD1E600FA70CC /* PlayersAndTeamsViewModel.swift */,
				C82139C4271B324200F1BD46 /* PlayersAndTeamsViewModel+PlayerCellViewModel.swift */,
				C82139C6271B326D00F1BD46 /* PlayersAndTeamsViewModel+TeamCellViewModel.swift */,
			);
			path = "Players and Teams";
			sourceTree = "<group>";
		};
		C88563F4271AED8500FA70CC /* Models */ = {
			isa = PBXGroup;
			children = (
				C88563F5271AED9600FA70CC /* Player.swift */,
				C88563F7271AEF3C00FA70CC /* Team.swift */,
				C88563F9271AEFE600FA70CC /* PlayersAndTeams.swift */,
				C88563FB271AF06100FA70CC /* PlayersAndTeamsSearchType.swift */,
				C88563FF271AF23200FA70CC /* PlayersAndTeamsRequest.swift */,
				C8BB70E2271B5AC1000830A2 /* Flag.swift */,
			);
			path = Models;
			sourceTree = "<group>";
		};
		C8856401271AF2EC00FA70CC /* Network */ = {
			isa = PBXGroup;
			children = (
				C8856402271AF2FA00FA70CC /* Network.swift */,
				C8856404271AF7B600FA70CC /* Network+Request.swift */,
				C8856406271AF7D500FA70CC /* Network+Error.swift */,
				C8856408271AF7E600FA70CC /* Network+Response.swift */,
			);
			path = Network;
			sourceTree = "<group>";
		};
		C885640A271AFA5400FA70CC /* Extensions */ = {
			isa = PBXGroup;
			children = (
			);
			path = Extensions;
			sourceTree = "<group>";
		};
		C885640B271AFB4100FA70CC /* Utilities */ = {
			isa = PBXGroup;
			children = (
				C885640C271AFB4F00FA70CC /* Threads.swift */,
				C8BB70E0271B5AA4000830A2 /* Flags.json */,
			);
			path = Utilities;
			sourceTree = "<group>";
		};
		C8BB70E4271C3638000830A2 /* Core Data */ = {
			isa = PBXGroup;
			children = (
				C8BB70E5271C3712000830A2 /* Football.xcdatamodeld */,
				C8BB70E8271C378A000830A2 /* Persistence.swift */,
			);
			path = "Core Data";
			sourceTree = "<group>";
		};
		C8BB70EF271CA55E000830A2 /* Local Storage Service */ = {
			isa = PBXGroup;
			children = (
				C8BB70EB271C3A65000830A2 /* LocalStorageService.swift */,
				C8BB70F0271CA57C000830A2 /* LocalStorageServiceProtocol.swift */,
			);
			path = "Local Storage Service";
			sourceTree = "<group>";
		};
		C8BB70F4271CA5D8000830A2 /* Players And Teams Service */ = {
			isa = PBXGroup;
			children = (
				C88563FD271AF13600FA70CC /* PlayersAndTeamsService.swift */,
				C8BB70F5271CA5EB000830A2 /* PlayersAndTeamsServiceProtocol.swift */,
			);
			path = "Players And Teams Service";
			sourceTree = "<group>";
		};
		C8BB70FD271CAF96000830A2 /* Mocks */ = {
			isa = PBXGroup;
			children = (
				C8BB70FB271CA673000830A2 /* MockRepository.swift */,
				C8BB70F7271CA60E000830A2 /* MockPlayersAndTeamsService.swift */,
				C8BB70F2271CA5A7000830A2 /* MockLocalStorageService.swift */,
			);
			path = Mocks;
			sourceTree = "<group>";
		};
		C8BB7101271CB054000830A2 /* Tests */ = {
			isa = PBXGroup;
			children = (
				C8BB7102271CB06D000830A2 /* RepositoryTests.swift */,
				C8BB7104271CB083000830A2 /* PlayersAndTeamsViewModelTests.swift */,
			);
			path = Tests;
			sourceTree = "<group>";
		};
/* End PBXGroup section */

/* Begin PBXNativeTarget section */
		C88563B8271AD04F00FA70CC /* FootballApp */ = {
			isa = PBXNativeTarget;
			buildConfigurationList = C88563DD271AD05100FA70CC /* Build configuration list for PBXNativeTarget "FootballApp" */;
			buildPhases = (
				C88563B5271AD04F00FA70CC /* Sources */,
				C88563B6271AD04F00FA70CC /* Frameworks */,
				C88563B7271AD04F00FA70CC /* Resources */,
			);
			buildRules = (
			);
			dependencies = (
			);
			name = FootballApp;
			productName = FootballApp;
			productReference = C88563B9271AD04F00FA70CC /* FootballApp.app */;
			productType = "com.apple.product-type.application";
		};
		C88563C8271AD05000FA70CC /* FootballAppTests */ = {
			isa = PBXNativeTarget;
			buildConfigurationList = C88563E0271AD05100FA70CC /* Build configuration list for PBXNativeTarget "FootballAppTests" */;
			buildPhases = (
				C88563C5271AD05000FA70CC /* Sources */,
				C88563C6271AD05000FA70CC /* Frameworks */,
				C88563C7271AD05000FA70CC /* Resources */,
			);
			buildRules = (
			);
			dependencies = (
				C88563CB271AD05000FA70CC /* PBXTargetDependency */,
			);
			name = FootballAppTests;
			productName = FootballAppTests;
			productReference = C88563C9271AD05000FA70CC /* FootballAppTests.xctest */;
			productType = "com.apple.product-type.bundle.unit-test";
		};
		C88563D2271AD05100FA70CC /* FootballAppUITests */ = {
			isa = PBXNativeTarget;
			buildConfigurationList = C88563E3271AD05100FA70CC /* Build configuration list for PBXNativeTarget "FootballAppUITests" */;
			buildPhases = (
				C88563CF271AD05100FA70CC /* Sources */,
				C88563D0271AD05100FA70CC /* Frameworks */,
				C88563D1271AD05100FA70CC /* Resources */,
			);
			buildRules = (
			);
			dependencies = (
				C88563D5271AD05100FA70CC /* PBXTargetDependency */,
			);
			name = FootballAppUITests;
			productName = FootballAppUITests;
			productReference = C88563D3271AD05100FA70CC /* FootballAppUITests.xctest */;
			productType = "com.apple.product-type.bundle.ui-testing";
		};
/* End PBXNativeTarget section */

/* Begin PBXProject section */
		C88563B1271AD04F00FA70CC /* Project object */ = {
			isa = PBXProject;
			attributes = {
				BuildIndependentTargetsInParallel = 1;
				LastSwiftUpdateCheck = 1300;
				LastUpgradeCheck = 1300;
				TargetAttributes = {
					C88563B8271AD04F00FA70CC = {
						CreatedOnToolsVersion = 13.0;
					};
					C88563C8271AD05000FA70CC = {
						CreatedOnToolsVersion = 13.0;
						TestTargetID = C88563B8271AD04F00FA70CC;
					};
					C88563D2271AD05100FA70CC = {
						CreatedOnToolsVersion = 13.0;
						TestTargetID = C88563B8271AD04F00FA70CC;
					};
				};
			};
			buildConfigurationList = C88563B4271AD04F00FA70CC /* Build configuration list for PBXProject "FootballApp" */;
			compatibilityVersion = "Xcode 13.0";
			developmentRegion = en;
			hasScannedForEncodings = 0;
			knownRegions = (
				en,
				Base,
			);
			mainGroup = C88563B0271AD04F00FA70CC;
			productRefGroup = C88563BA271AD04F00FA70CC /* Products */;
			projectDirPath = "";
			projectRoot = "";
			targets = (
				C88563B8271AD04F00FA70CC /* FootballApp */,
				C88563C8271AD05000FA70CC /* FootballAppTests */,
				C88563D2271AD05100FA70CC /* FootballAppUITests */,
			);
		};
/* End PBXProject section */

/* Begin PBXResourcesBuildPhase section */
		C88563B7271AD04F00FA70CC /* Resources */ = {
			isa = PBXResourcesBuildPhase;
			buildActionMask = 2147483647;
			files = (
				C88563C4271AD05000FA70CC /* Preview Assets.xcassets in Resources */,
				C88563C1271AD05000FA70CC /* Assets.xcassets in Resources */,
				C8BB70E1271B5AA4000830A2 /* Flags.json in Resources */,
			);
			runOnlyForDeploymentPostprocessing = 0;
		};
		C88563C7271AD05000FA70CC /* Resources */ = {
			isa = PBXResourcesBuildPhase;
			buildActionMask = 2147483647;
			files = (
			);
			runOnlyForDeploymentPostprocessing = 0;
		};
		C88563D1271AD05100FA70CC /* Resources */ = {
			isa = PBXResourcesBuildPhase;
			buildActionMask = 2147483647;
			files = (
			);
			runOnlyForDeploymentPostprocessing = 0;
		};
/* End PBXResourcesBuildPhase section */

/* Begin PBXSourcesBuildPhase section */
		C88563B5271AD04F00FA70CC /* Sources */ = {
			isa = PBXSourcesBuildPhase;
			buildActionMask = 2147483647;
			files = (
				C88563F8271AEF3C00FA70CC /* Team.swift in Sources */,
				C8BB70E3271B5AC1000830A2 /* Flag.swift in Sources */,
				C8856400271AF23200FA70CC /* PlayersAndTeamsRequest.swift in Sources */,
				C82139C7271B326D00F1BD46 /* PlayersAndTeamsViewModel+TeamCellViewModel.swift in Sources */,
				C8856411271B212100FA70CC /* PlayersAndTeamsList+PlayerCell.swift in Sources */,
				C8BB70FA271CA658000830A2 /* RepositoryProtocol.swift in Sources */,
				C88563BD271AD04F00FA70CC /* FootballApp.swift in Sources */,
				C8BB70E7271C3712000830A2 /* Football.xcdatamodeld in Sources */,
				C8BB70F1271CA57C000830A2 /* LocalStorageServiceProtocol.swift in Sources */,
				C83C747E271B2D2000A886D5 /* PlayersAndTeamsList+TeamCell.swift in Sources */,
				C82139C5271B324200F1BD46 /* PlayersAndTeamsViewModel+PlayerCellViewModel.swift in Sources */,
				C8BB70F6271CA5EB000830A2 /* PlayersAndTeamsServiceProtocol.swift in Sources */,
				C88563FA271AEFE600FA70CC /* PlayersAndTeams.swift in Sources */,
				C88563EE271AD16000FA70CC /* PlayersAndTeamsList.swift in Sources */,
				C8856403271AF2FA00FA70CC /* Network.swift in Sources */,
				C8856405271AF7B600FA70CC /* Network+Request.swift in Sources */,
				C885640D271AFB4F00FA70CC /* Threads.swift in Sources */,
				C8856409271AF7E600FA70CC /* Network+Response.swift in Sources */,
				C8BB70E9271C378A000830A2 /* Persistence.swift in Sources */,
				C88563F3271AD1E600FA70CC /* PlayersAndTeamsViewModel.swift in Sources */,
				C88563F6271AED9600FA70CC /* Player.swift in Sources */,
				C885640F271AFBF000FA70CC /* Repository.swift in Sources */,
				C88563F0271AD16F00FA70CC /* PlayersAndTeamsNavigation.swift in Sources */,
				C88563FE271AF13600FA70CC /* PlayersAndTeamsService.swift in Sources */,
				C8BB70EC271C3A65000830A2 /* LocalStorageService.swift in Sources */,
				C8856407271AF7D500FA70CC /* Network+Error.swift in Sources */,
				C88563FC271AF06100FA70CC /* PlayersAndTeamsSearchType.swift in Sources */,
				C8BB70EE271C5FCD000830A2 /* FavouritePlayersList.swift in Sources */,
			);
			runOnlyForDeploymentPostprocessing = 0;
		};
		C88563C5271AD05000FA70CC /* Sources */ = {
			isa = PBXSourcesBuildPhase;
			buildActionMask = 2147483647;
			files = (
				C8BB70FE271CAFA7000830A2 /* MockRepository.swift in Sources */,
				C8BB7105271CB083000830A2 /* PlayersAndTeamsViewModelTests.swift in Sources */,
				C8BB70FF271CB03A000830A2 /* MockPlayersAndTeamsService.swift in Sources */,
				C8BB7100271CB047000830A2 /* MockLocalStorageService.swift in Sources */,
				C8BB7103271CB06D000830A2 /* RepositoryTests.swift in Sources */,
			);
			runOnlyForDeploymentPostprocessing = 0;
		};
		C88563CF271AD05100FA70CC /* Sources */ = {
			isa = PBXSourcesBuildPhase;
			buildActionMask = 2147483647;
			files = (
				C88563D8271AD05100FA70CC /* FootballAppUITests.swift in Sources */,
				C88563DA271AD05100FA70CC /* FootballAppUITestsLaunchTests.swift in Sources */,
			);
			runOnlyForDeploymentPostprocessing = 0;
		};
/* End PBXSourcesBuildPhase section */

/* Begin PBXTargetDependency section */
		C88563CB271AD05000FA70CC /* PBXTargetDependency */ = {
			isa = PBXTargetDependency;
			target = C88563B8271AD04F00FA70CC /* FootballApp */;
			targetProxy = C88563CA271AD05000FA70CC /* PBXContainerItemProxy */;
		};
		C88563D5271AD05100FA70CC /* PBXTargetDependency */ = {
			isa = PBXTargetDependency;
			target = C88563B8271AD04F00FA70CC /* FootballApp */;
			targetProxy = C88563D4271AD05100FA70CC /* PBXContainerItemProxy */;
		};
/* End PBXTargetDependency section */

/* Begin XCBuildConfiguration section */
		C88563DB271AD05100FA70CC /* Debug */ = {
			isa = XCBuildConfiguration;
			buildSettings = {
				ALWAYS_SEARCH_USER_PATHS = NO;
				CLANG_ANALYZER_NONNULL = YES;
				CLANG_ANALYZER_NUMBER_OBJECT_CONVERSION = YES_AGGRESSIVE;
				CLANG_CXX_LANGUAGE_STANDARD = "gnu++17";
				CLANG_CXX_LIBRARY = "libc++";
				CLANG_ENABLE_MODULES = YES;
				CLANG_ENABLE_OBJC_ARC = YES;
				CLANG_ENABLE_OBJC_WEAK = YES;
				CLANG_WARN_BLOCK_CAPTURE_AUTORELEASING = YES;
				CLANG_WARN_BOOL_CONVERSION = YES;
				CLANG_WARN_COMMA = YES;
				CLANG_WARN_CONSTANT_CONVERSION = YES;
				CLANG_WARN_DEPRECATED_OBJC_IMPLEMENTATIONS = YES;
				CLANG_WARN_DIRECT_OBJC_ISA_USAGE = YES_ERROR;
				CLANG_WARN_DOCUMENTATION_COMMENTS = YES;
				CLANG_WARN_EMPTY_BODY = YES;
				CLANG_WARN_ENUM_CONVERSION = YES;
				CLANG_WARN_INFINITE_RECURSION = YES;
				CLANG_WARN_INT_CONVERSION = YES;
				CLANG_WARN_NON_LITERAL_NULL_CONVERSION = YES;
				CLANG_WARN_OBJC_IMPLICIT_RETAIN_SELF = YES;
				CLANG_WARN_OBJC_LITERAL_CONVERSION = YES;
				CLANG_WARN_OBJC_ROOT_CLASS = YES_ERROR;
				CLANG_WARN_QUOTED_INCLUDE_IN_FRAMEWORK_HEADER = YES;
				CLANG_WARN_RANGE_LOOP_ANALYSIS = YES;
				CLANG_WARN_STRICT_PROTOTYPES = YES;
				CLANG_WARN_SUSPICIOUS_MOVE = YES;
				CLANG_WARN_UNGUARDED_AVAILABILITY = YES_AGGRESSIVE;
				CLANG_WARN_UNREACHABLE_CODE = YES;
				CLANG_WARN__DUPLICATE_METHOD_MATCH = YES;
				COPY_PHASE_STRIP = NO;
				DEBUG_INFORMATION_FORMAT = dwarf;
				ENABLE_STRICT_OBJC_MSGSEND = YES;
				ENABLE_TESTABILITY = YES;
				GCC_C_LANGUAGE_STANDARD = gnu11;
				GCC_DYNAMIC_NO_PIC = NO;
				GCC_NO_COMMON_BLOCKS = YES;
				GCC_OPTIMIZATION_LEVEL = 0;
				GCC_PREPROCESSOR_DEFINITIONS = (
					"DEBUG=1",
					"$(inherited)",
				);
				GCC_WARN_64_TO_32_BIT_CONVERSION = YES;
				GCC_WARN_ABOUT_RETURN_TYPE = YES_ERROR;
				GCC_WARN_UNDECLARED_SELECTOR = YES;
				GCC_WARN_UNINITIALIZED_AUTOS = YES_AGGRESSIVE;
				GCC_WARN_UNUSED_FUNCTION = YES;
				GCC_WARN_UNUSED_VARIABLE = YES;
				IPHONEOS_DEPLOYMENT_TARGET = 15.0;
				MTL_ENABLE_DEBUG_INFO = INCLUDE_SOURCE;
				MTL_FAST_MATH = YES;
				ONLY_ACTIVE_ARCH = YES;
				SDKROOT = iphoneos;
				SWIFT_ACTIVE_COMPILATION_CONDITIONS = DEBUG;
				SWIFT_OPTIMIZATION_LEVEL = "-Onone";
			};
			name = Debug;
		};
		C88563DC271AD05100FA70CC /* Release */ = {
			isa = XCBuildConfiguration;
			buildSettings = {
				ALWAYS_SEARCH_USER_PATHS = NO;
				CLANG_ANALYZER_NONNULL = YES;
				CLANG_ANALYZER_NUMBER_OBJECT_CONVERSION = YES_AGGRESSIVE;
				CLANG_CXX_LANGUAGE_STANDARD = "gnu++17";
				CLANG_CXX_LIBRARY = "libc++";
				CLANG_ENABLE_MODULES = YES;
				CLANG_ENABLE_OBJC_ARC = YES;
				CLANG_ENABLE_OBJC_WEAK = YES;
				CLANG_WARN_BLOCK_CAPTURE_AUTORELEASING = YES;
				CLANG_WARN_BOOL_CONVERSION = YES;
				CLANG_WARN_COMMA = YES;
				CLANG_WARN_CONSTANT_CONVERSION = YES;
				CLANG_WARN_DEPRECATED_OBJC_IMPLEMENTATIONS = YES;
				CLANG_WARN_DIRECT_OBJC_ISA_USAGE = YES_ERROR;
				CLANG_WARN_DOCUMENTATION_COMMENTS = YES;
				CLANG_WARN_EMPTY_BODY = YES;
				CLANG_WARN_ENUM_CONVERSION = YES;
				CLANG_WARN_INFINITE_RECURSION = YES;
				CLANG_WARN_INT_CONVERSION = YES;
				CLANG_WARN_NON_LITERAL_NULL_CONVERSION = YES;
				CLANG_WARN_OBJC_IMPLICIT_RETAIN_SELF = YES;
				CLANG_WARN_OBJC_LITERAL_CONVERSION = YES;
				CLANG_WARN_OBJC_ROOT_CLASS = YES_ERROR;
				CLANG_WARN_QUOTED_INCLUDE_IN_FRAMEWORK_HEADER = YES;
				CLANG_WARN_RANGE_LOOP_ANALYSIS = YES;
				CLANG_WARN_STRICT_PROTOTYPES = YES;
				CLANG_WARN_SUSPICIOUS_MOVE = YES;
				CLANG_WARN_UNGUARDED_AVAILABILITY = YES_AGGRESSIVE;
				CLANG_WARN_UNREACHABLE_CODE = YES;
				CLANG_WARN__DUPLICATE_METHOD_MATCH = YES;
				COPY_PHASE_STRIP = NO;
				DEBUG_INFORMATION_FORMAT = "dwarf-with-dsym";
				ENABLE_NS_ASSERTIONS = NO;
				ENABLE_STRICT_OBJC_MSGSEND = YES;
				GCC_C_LANGUAGE_STANDARD = gnu11;
				GCC_NO_COMMON_BLOCKS = YES;
				GCC_WARN_64_TO_32_BIT_CONVERSION = YES;
				GCC_WARN_ABOUT_RETURN_TYPE = YES_ERROR;
				GCC_WARN_UNDECLARED_SELECTOR = YES;
				GCC_WARN_UNINITIALIZED_AUTOS = YES_AGGRESSIVE;
				GCC_WARN_UNUSED_FUNCTION = YES;
				GCC_WARN_UNUSED_VARIABLE = YES;
				IPHONEOS_DEPLOYMENT_TARGET = 15.0;
				MTL_ENABLE_DEBUG_INFO = NO;
				MTL_FAST_MATH = YES;
				SDKROOT = iphoneos;
				SWIFT_COMPILATION_MODE = wholemodule;
				SWIFT_OPTIMIZATION_LEVEL = "-O";
				VALIDATE_PRODUCT = YES;
			};
			name = Release;
		};
		C88563DE271AD05100FA70CC /* Debug */ = {
			isa = XCBuildConfiguration;
			buildSettings = {
				ASSETCATALOG_COMPILER_APPICON_NAME = AppIcon;
				ASSETCATALOG_COMPILER_GLOBAL_ACCENT_COLOR_NAME = AccentColor;
				CODE_SIGN_IDENTITY = "Apple Development";
				CODE_SIGN_STYLE = Automatic;
				CURRENT_PROJECT_VERSION = 1;
				DEVELOPMENT_ASSET_PATHS = "\"FootballApp/Preview Content\"";
				DEVELOPMENT_TEAM = 697BPDZP9Z;
				ENABLE_PREVIEWS = YES;
				GENERATE_INFOPLIST_FILE = YES;
				INFOPLIST_KEY_UIApplicationSceneManifest_Generation = YES;
				INFOPLIST_KEY_UIApplicationSupportsIndirectInputEvents = YES;
				INFOPLIST_KEY_UILaunchScreen_Generation = YES;
				INFOPLIST_KEY_UISupportedInterfaceOrientations_iPad = "UIInterfaceOrientationPortrait UIInterfaceOrientationPortraitUpsideDown UIInterfaceOrientationLandscapeLeft UIInterfaceOrientationLandscapeRight";
				INFOPLIST_KEY_UISupportedInterfaceOrientations_iPhone = "UIInterfaceOrientationPortrait UIInterfaceOrientationLandscapeLeft UIInterfaceOrientationLandscapeRight";
				IPHONEOS_DEPLOYMENT_TARGET = 15.0;
				LD_RUNPATH_SEARCH_PATHS = (
					"$(inherited)",
					"@executable_path/Frameworks",
				);
				MARKETING_VERSION = 1.0;
				PRODUCT_BUNDLE_IDENTIFIER = com.victorsocaciu.FootballApp;
				PRODUCT_NAME = "$(TARGET_NAME)";
				PROVISIONING_PROFILE_SPECIFIER = "";
				SWIFT_EMIT_LOC_STRINGS = YES;
				SWIFT_VERSION = 5.0;
				TARGETED_DEVICE_FAMILY = "1,2";
			};
			name = Debug;
		};
		C88563DF271AD05100FA70CC /* Release */ = {
			isa = XCBuildConfiguration;
			buildSettings = {
				ASSETCATALOG_COMPILER_APPICON_NAME = AppIcon;
				ASSETCATALOG_COMPILER_GLOBAL_ACCENT_COLOR_NAME = AccentColor;
				CODE_SIGN_IDENTITY = "Apple Development";
				CODE_SIGN_STYLE = Automatic;
				CURRENT_PROJECT_VERSION = 1;
				DEVELOPMENT_ASSET_PATHS = "\"FootballApp/Preview Content\"";
				DEVELOPMENT_TEAM = 697BPDZP9Z;
				ENABLE_PREVIEWS = YES;
				GENERATE_INFOPLIST_FILE = YES;
				INFOPLIST_KEY_UIApplicationSceneManifest_Generation = YES;
				INFOPLIST_KEY_UIApplicationSupportsIndirectInputEvents = YES;
				INFOPLIST_KEY_UILaunchScreen_Generation = YES;
				INFOPLIST_KEY_UISupportedInterfaceOrientations_iPad = "UIInterfaceOrientationPortrait UIInterfaceOrientationPortraitUpsideDown UIInterfaceOrientationLandscapeLeft UIInterfaceOrientationLandscapeRight";
				INFOPLIST_KEY_UISupportedInterfaceOrientations_iPhone = "UIInterfaceOrientationPortrait UIInterfaceOrientationLandscapeLeft UIInterfaceOrientationLandscapeRight";
				IPHONEOS_DEPLOYMENT_TARGET = 15.0;
				LD_RUNPATH_SEARCH_PATHS = (
					"$(inherited)",
					"@executable_path/Frameworks",
				);
				MARKETING_VERSION = 1.0;
				PRODUCT_BUNDLE_IDENTIFIER = com.victorsocaciu.FootballApp;
				PRODUCT_NAME = "$(TARGET_NAME)";
				PROVISIONING_PROFILE_SPECIFIER = "";
				SWIFT_EMIT_LOC_STRINGS = YES;
				SWIFT_VERSION = 5.0;
				TARGETED_DEVICE_FAMILY = "1,2";
			};
			name = Release;
		};
		C88563E1271AD05100FA70CC /* Debug */ = {
			isa = XCBuildConfiguration;
			buildSettings = {
				ALWAYS_EMBED_SWIFT_STANDARD_LIBRARIES = YES;
				BUNDLE_LOADER = "$(TEST_HOST)";
				CODE_SIGN_STYLE = Automatic;
				CURRENT_PROJECT_VERSION = 1;
				DEVELOPMENT_TEAM = 697BPDZP9Z;
				GENERATE_INFOPLIST_FILE = YES;
				IPHONEOS_DEPLOYMENT_TARGET = 15.0;
				LD_RUNPATH_SEARCH_PATHS = (
					"$(inherited)",
					"@executable_path/Frameworks",
					"@loader_path/Frameworks",
				);
				MARKETING_VERSION = 1.0;
				PRODUCT_BUNDLE_IDENTIFIER = com.victorsocaciu.FootballAppTests;
				PRODUCT_NAME = "$(TARGET_NAME)";
				SWIFT_EMIT_LOC_STRINGS = NO;
				SWIFT_VERSION = 5.0;
				TARGETED_DEVICE_FAMILY = "1,2";
				TEST_HOST = "$(BUILT_PRODUCTS_DIR)/FootballApp.app/FootballApp";
			};
			name = Debug;
		};
		C88563E2271AD05100FA70CC /* Release */ = {
			isa = XCBuildConfiguration;
			buildSettings = {
				ALWAYS_EMBED_SWIFT_STANDARD_LIBRARIES = YES;
				BUNDLE_LOADER = "$(TEST_HOST)";
				CODE_SIGN_STYLE = Automatic;
				CURRENT_PROJECT_VERSION = 1;
				DEVELOPMENT_TEAM = 697BPDZP9Z;
				GENERATE_INFOPLIST_FILE = YES;
				IPHONEOS_DEPLOYMENT_TARGET = 15.0;
				LD_RUNPATH_SEARCH_PATHS = (
					"$(inherited)",
					"@executable_path/Frameworks",
					"@loader_path/Frameworks",
				);
				MARKETING_VERSION = 1.0;
				PRODUCT_BUNDLE_IDENTIFIER = com.victorsocaciu.FootballAppTests;
				PRODUCT_NAME = "$(TARGET_NAME)";
				SWIFT_EMIT_LOC_STRINGS = NO;
				SWIFT_VERSION = 5.0;
				TARGETED_DEVICE_FAMILY = "1,2";
				TEST_HOST = "$(BUILT_PRODUCTS_DIR)/FootballApp.app/FootballApp";
			};
			name = Release;
		};
		C88563E4271AD05100FA70CC /* Debug */ = {
			isa = XCBuildConfiguration;
			buildSettings = {
				ALWAYS_EMBED_SWIFT_STANDARD_LIBRARIES = YES;
				CODE_SIGN_STYLE = Automatic;
				CURRENT_PROJECT_VERSION = 1;
				DEVELOPMENT_TEAM = 697BPDZP9Z;
				GENERATE_INFOPLIST_FILE = YES;
				LD_RUNPATH_SEARCH_PATHS = (
					"$(inherited)",
					"@executable_path/Frameworks",
					"@loader_path/Frameworks",
				);
				MARKETING_VERSION = 1.0;
				PRODUCT_BUNDLE_IDENTIFIER = com.victorsocaciu.FootballAppUITests;
				PRODUCT_NAME = "$(TARGET_NAME)";
				SWIFT_EMIT_LOC_STRINGS = NO;
				SWIFT_VERSION = 5.0;
				TARGETED_DEVICE_FAMILY = "1,2";
				TEST_TARGET_NAME = FootballApp;
			};
			name = Debug;
		};
		C88563E5271AD05100FA70CC /* Release */ = {
			isa = XCBuildConfiguration;
			buildSettings = {
				ALWAYS_EMBED_SWIFT_STANDARD_LIBRARIES = YES;
				CODE_SIGN_STYLE = Automatic;
				CURRENT_PROJECT_VERSION = 1;
				DEVELOPMENT_TEAM = 697BPDZP9Z;
				GENERATE_INFOPLIST_FILE = YES;
				LD_RUNPATH_SEARCH_PATHS = (
					"$(inherited)",
					"@executable_path/Frameworks",
					"@loader_path/Frameworks",
				);
				MARKETING_VERSION = 1.0;
				PRODUCT_BUNDLE_IDENTIFIER = com.victorsocaciu.FootballAppUITests;
				PRODUCT_NAME = "$(TARGET_NAME)";
				SWIFT_EMIT_LOC_STRINGS = NO;
				SWIFT_VERSION = 5.0;
				TARGETED_DEVICE_FAMILY = "1,2";
				TEST_TARGET_NAME = FootballApp;
			};
			name = Release;
		};
/* End XCBuildConfiguration section */

/* Begin XCConfigurationList section */
		C88563B4271AD04F00FA70CC /* Build configuration list for PBXProject "FootballApp" */ = {
			isa = XCConfigurationList;
			buildConfigurations = (
				C88563DB271AD05100FA70CC /* Debug */,
				C88563DC271AD05100FA70CC /* Release */,
			);
			defaultConfigurationIsVisible = 0;
			defaultConfigurationName = Release;
		};
		C88563DD271AD05100FA70CC /* Build configuration list for PBXNativeTarget "FootballApp" */ = {
			isa = XCConfigurationList;
			buildConfigurations = (
				C88563DE271AD05100FA70CC /* Debug */,
				C88563DF271AD05100FA70CC /* Release */,
			);
			defaultConfigurationIsVisible = 0;
			defaultConfigurationName = Release;
		};
		C88563E0271AD05100FA70CC /* Build configuration list for PBXNativeTarget "FootballAppTests" */ = {
			isa = XCConfigurationList;
			buildConfigurations = (
				C88563E1271AD05100FA70CC /* Debug */,
				C88563E2271AD05100FA70CC /* Release */,
			);
			defaultConfigurationIsVisible = 0;
			defaultConfigurationName = Release;
		};
		C88563E3271AD05100FA70CC /* Build configuration list for PBXNativeTarget "FootballAppUITests" */ = {
			isa = XCConfigurationList;
			buildConfigurations = (
				C88563E4271AD05100FA70CC /* Debug */,
				C88563E5271AD05100FA70CC /* Release */,
			);
			defaultConfigurationIsVisible = 0;
			defaultConfigurationName = Release;
		};
/* End XCConfigurationList section */

/* Begin XCVersionGroup section */
		C8BB70E5271C3712000830A2 /* Football.xcdatamodeld */ = {
			isa = XCVersionGroup;
			children = (
				C8BB70E6271C3712000830A2 /* Football.xcdatamodel */,
			);
			currentVersion = C8BB70E6271C3712000830A2 /* Football.xcdatamodel */;
			path = Football.xcdatamodeld;
			sourceTree = "<group>";
			versionGroupType = wrapper.xcdatamodel;
		};
/* End XCVersionGroup section */
	};
	rootObject = C88563B1271AD04F00FA70CC /* Project object */;
}
